
Microsoft Visual Studio Solution File, Format Version 12.00
# Visual Studio 15
VisualStudioVersion = 15.0.28307.106
MinimumVisualStudioVersion = 10.0.40219.1
Project("{FAE04EC0-301F-11D3-BF4B-00C04F79EFBC}") = "SuperHeroes", "SuperHeroes\SuperHeroes.csproj", "{93A3DC78-4446-4E0B-93DD-6A84F9D08686}"
EndProject
Global
	GlobalSection(SolutionConfigurationPlatforms) = preSolution
		Debug|Any CPU = Debug|Any CPU
		Release|Any CPU = Release|Any CPU
	EndGlobalSection
	GlobalSection(ProjectConfigurationPlatforms) = postSolution
		{93A3DC78-4446-4E0B-93DD-6A84F9D08686}.Debug|Any CPU.ActiveCfg = Debug|Any CPU
		{93A3DC78-4446-4E0B-93DD-6A84F9D08686}.Debug|Any CPU.Build.0 = Debug|Any CPU
		{93A3DC78-4446-4E0B-93DD-6A84F9D08686}.Release|Any CPU.ActiveCfg = Release|Any CPU
		{93A3DC78-4446-4E0B-93DD-6A84F9D08686}.Release|Any CPU.Build.0 = Release|Any CPU
	EndGlobalSection
	GlobalSection(SolutionProperties) = preSolution
		HideSolutionNode = FALSE
	EndGlobalSection
	GlobalSection(ExtensibilityGlobals) = postSolution
		SolutionGuid = {FDA218D7-6F1E-4904-B343-CEFC4A3E25E2}
	EndGlobalSection
EndGlobal
